
Microsoft Visual Studio Solution File, Format Version 12.00
# Visual Studio 15
VisualStudioVersion = 15.0.26730.12
MinimumVisualStudioVersion = 10.0.40219.1
Project("{FAE04EC0-301F-11D3-BF4B-00C04F79EFBC}") = "Tkielar.Utils.Memoize", "Tkielar.Utils.Memoize\Tkielar.Utils.Memoize.csproj", "{1F81DD08-F315-4731-A85C-D043C6DBC99D}"
EndProject
Project("{FAE04EC0-301F-11D3-BF4B-00C04F79EFBC}") = "Tkielar.Utils.Memoize.Tests", "Tkielar.Utils.Memoize.Tests\Tkielar.Utils.Memoize.Tests.csproj", "{63D73157-907E-4825-8D82-0D8EE32E7315}"
EndProject
Global
	GlobalSection(SolutionConfigurationPlatforms) = preSolution
		Debug|Any CPU = Debug|Any CPU
		Release|Any CPU = Release|Any CPU
	EndGlobalSection
	GlobalSection(ProjectConfigurationPlatforms) = postSolution
		{1F81DD08-F315-4731-A85C-D043C6DBC99D}.Debug|Any CPU.ActiveCfg = Debug|Any CPU
		{1F81DD08-F315-4731-A85C-D043C6DBC99D}.Debug|Any CPU.Build.0 = Debug|Any CPU
		{1F81DD08-F315-4731-A85C-D043C6DBC99D}.Release|Any CPU.ActiveCfg = Release|Any CPU
		{1F81DD08-F315-4731-A85C-D043C6DBC99D}.Release|Any CPU.Build.0 = Release|Any CPU
		{63D73157-907E-4825-8D82-0D8EE32E7315}.Debug|Any CPU.ActiveCfg = Debug|Any CPU
		{63D73157-907E-4825-8D82-0D8EE32E7315}.Debug|Any CPU.Build.0 = Debug|Any CPU
		{63D73157-907E-4825-8D82-0D8EE32E7315}.Release|Any CPU.ActiveCfg = Release|Any CPU
		{63D73157-907E-4825-8D82-0D8EE32E7315}.Release|Any CPU.Build.0 = Release|Any CPU
	EndGlobalSection
	GlobalSection(SolutionProperties) = preSolution
		HideSolutionNode = FALSE
	EndGlobalSection
	GlobalSection(ExtensibilityGlobals) = postSolution
		SolutionGuid = {EE291E6B-2C32-4E0A-BCA0-AFC6611254D8}
	EndGlobalSection
EndGlobal
